
Microsoft Visual Studio Solution File, Format Version 12.00
# Visual Studio Version 17
VisualStudioVersion = 17.2.32526.322
MinimumVisualStudioVersion = 10.0.40219.1
Project("{9A19103F-16F7-4668-BE54-9A1E7A4F7556}") = "DumperWeb", "DumperWeb\DumperWeb.csproj", "{93841C24-1D39-4DC9-A1B7-1BC50578C677}"
EndProject
Project("{9A19103F-16F7-4668-BE54-9A1E7A4F7556}") = "DumperApplicationCore", "DAL\DumperApplicationCore.csproj", "{51C844DF-1A04-45F8-B3AC-0ECCACF30A11}"
EndProject
Project("{FAE04EC0-301F-11D3-BF4B-00C04F79EFBC}") = "DumperDAL", "DumperDAL\DumperDAL.csproj", "{B880AB33-91B6-4122-9B63-C7F36EA2CFC7}"
EndProject
Global
	GlobalSection(SolutionConfigurationPlatforms) = preSolution
		Debug|Any CPU = Debug|Any CPU
		Release|Any CPU = Release|Any CPU
	EndGlobalSection
	GlobalSection(ProjectConfigurationPlatforms) = postSolution
		{93841C24-1D39-4DC9-A1B7-1BC50578C677}.Debug|Any CPU.ActiveCfg = Debug|Any CPU
		{93841C24-1D39-4DC9-A1B7-1BC50578C677}.Debug|Any CPU.Build.0 = Debug|Any CPU
		{93841C24-1D39-4DC9-A1B7-1BC50578C677}.Release|Any CPU.ActiveCfg = Release|Any CPU
		{93841C24-1D39-4DC9-A1B7-1BC50578C677}.Release|Any CPU.Build.0 = Release|Any CPU
		{51C844DF-1A04-45F8-B3AC-0ECCACF30A11}.Debug|Any CPU.ActiveCfg = Debug|Any CPU
		{51C844DF-1A04-45F8-B3AC-0ECCACF30A11}.Debug|Any CPU.Build.0 = Debug|Any CPU
		{51C844DF-1A04-45F8-B3AC-0ECCACF30A11}.Release|Any CPU.ActiveCfg = Release|Any CPU
		{51C844DF-1A04-45F8-B3AC-0ECCACF30A11}.Release|Any CPU.Build.0 = Release|Any CPU
		{B880AB33-91B6-4122-9B63-C7F36EA2CFC7}.Debug|Any CPU.ActiveCfg = Debug|Any CPU
		{B880AB33-91B6-4122-9B63-C7F36EA2CFC7}.Debug|Any CPU.Build.0 = Debug|Any CPU
		{B880AB33-91B6-4122-9B63-C7F36EA2CFC7}.Release|Any CPU.ActiveCfg = Release|Any CPU
		{B880AB33-91B6-4122-9B63-C7F36EA2CFC7}.Release|Any CPU.Build.0 = Release|Any CPU
	EndGlobalSection
	GlobalSection(SolutionProperties) = preSolution
		HideSolutionNode = FALSE
	EndGlobalSection
	GlobalSection(ExtensibilityGlobals) = postSolution
		SolutionGuid = {810D9DC1-DB9A-4EEA-ABB4-042E7FD9F278}
	EndGlobalSection
EndGlobal
